
Microsoft Visual Studio Solution File, Format Version 12.00
# Visual Studio Version 17
VisualStudioVersion = 17.14.36518.9
MinimumVisualStudioVersion = 10.0.40219.1
Project("{FAE04EC0-301F-11D3-BF4B-00C04F79EFBC}") = "SteppyKafky", "SteppyKafky\SteppyKafky.csproj", "{1946FA4E-E83A-4C41-9574-31AFACD5181F}"
EndProject
Global
	GlobalSection(SolutionConfigurationPlatforms) = preSolution
		Debug|Any CPU = Debug|Any CPU
		Debug|x64 = Debug|x64
		Debug|x86 = Debug|x86
		Release|Any CPU = Release|Any CPU
		Release|x64 = Release|x64
		Release|x86 = Release|x86
	EndGlobalSection
	GlobalSection(ProjectConfigurationPlatforms) = postSolution
		{1946FA4E-E83A-4C41-9574-31AFACD5181F}.Debug|Any CPU.ActiveCfg = Debug|Any CPU
		{1946FA4E-E83A-4C41-9574-31AFACD5181F}.Debug|Any CPU.Build.0 = Debug|Any CPU
		{1946FA4E-E83A-4C41-9574-31AFACD5181F}.Debug|x64.ActiveCfg = Debug|Any CPU
		{1946FA4E-E83A-4C41-9574-31AFACD5181F}.Debug|x64.Build.0 = Debug|Any CPU
		{1946FA4E-E83A-4C41-9574-31AFACD5181F}.Debug|x86.ActiveCfg = Debug|Any CPU
		{1946FA4E-E83A-4C41-9574-31AFACD5181F}.Debug|x86.Build.0 = Debug|Any CPU
		{1946FA4E-E83A-4C41-9574-31AFACD5181F}.Release|Any CPU.ActiveCfg = Release|Any CPU
		{1946FA4E-E83A-4C41-9574-31AFACD5181F}.Release|Any CPU.Build.0 = Release|Any CPU
		{1946FA4E-E83A-4C41-9574-31AFACD5181F}.Release|x64.ActiveCfg = Release|Any CPU
		{1946FA4E-E83A-4C41-9574-31AFACD5181F}.Release|x64.Build.0 = Release|Any CPU
		{1946FA4E-E83A-4C41-9574-31AFACD5181F}.Release|x86.ActiveCfg = Release|Any CPU
		{1946FA4E-E83A-4C41-9574-31AFACD5181F}.Release|x86.Build.0 = Release|Any CPU
	EndGlobalSection
	GlobalSection(SolutionProperties) = preSolution
		HideSolutionNode = FALSE
	EndGlobalSection
	GlobalSection(ExtensibilityGlobals) = postSolution
		SolutionGuid = {82C4A56F-1776-4CD2-80B5-3B846D86467C}
	EndGlobalSection
EndGlobal
